// !$*UTF8*$!
{
	archiveVersion = 1;
	classes = {
	};
	objectVersion = 70;
	objects = {

/* Begin PBXBuildFile section */
		6A05FA573034761200C51D57 /* WICredentials.plist in Resources */ = {isa = PBXBuildFile; fileRef = 6A05FA563034760600C51D57 /* WICredentials.plist */; };
		B540B6932AE668A700319774 /* Localizable.xcstrings in Resources */ = {isa = PBXBuildFile; fileRef = B540B6922AE668A700319774 /* Localizable.xcstrings */; };
		B552ED732ADD7D95003810AF /* Assets.xcassets in Resources */ = {isa = PBXBuildFile; fileRef = B552ED6F2ADD7D95003810AF /* Assets.xcassets */; };
		B552ED742ADD7D95003810AF /* Morpheus.ttf in Resources */ = {isa = PBXBuildFile; fileRef = B552ED712ADD7D95003810AF /* Morpheus.ttf */; };
		B552ED752ADD7D95003810AF /* LifeCraft.ttf in Resources */ = {isa = PBXBuildFile; fileRef = B552ED722ADD7D95003810AF /* LifeCraft.ttf */; };
		B552EDDA2ADD7E80003810AF /* Toy.json in Resources */ = {isa = PBXBuildFile; fileRef = B552EDAD2ADD7E80003810AF /* Toy.json */; };
		B552EDDB2ADD7E80003810AF /* Mount.json in Resources */ = {isa = PBXBuildFile; fileRef = B552EDAE2ADD7E80003810AF /* Mount.json */; };
		B552EDDC2ADD7E80003810AF /* Mounts.json in Resources */ = {isa = PBXBuildFile; fileRef = B552EDAF2ADD7E80003810AF /* Mounts.json */; };
		B552EDDD2ADD7E80003810AF /* Pet.json in Resources */ = {isa = PBXBuildFile; fileRef = B552EDB02ADD7E80003810AF /* Pet.json */; };
		B55AFE2F2ADE6CF90050BBF5 /* Mount.storyboard in Resources */ = {isa = PBXBuildFile; fileRef = B55AFE2E2ADE6CF90050BBF5 /* Mount.storyboard */; };
		B55AFE3D2ADE74310050BBF5 /* Home.storyboard in Resources */ = {isa = PBXBuildFile; fileRef = B55AFE3C2ADE74310050BBF5 /* Home.storyboard */; };
		B55AFE422ADE856F0050BBF5 /* Main.storyboard in Resources */ = {isa = PBXBuildFile; fileRef = B55AFE432ADE856F0050BBF5 /* Main.storyboard */; };
		B55AFE442ADE85870050BBF5 /* LaunchScreen.storyboard in Resources */ = {isa = PBXBuildFile; fileRef = B55AFE452ADE85870050BBF5 /* LaunchScreen.storyboard */; };
		B56EEE8A2AE13477008AF5F6 /* HomeCell.xib in Resources */ = {isa = PBXBuildFile; fileRef = B56EEE882AE13477008AF5F6 /* HomeCell.xib */; };
		B5DA60D92AE16294004B7F0E /* MountListCell.xib in Resources */ = {isa = PBXBuildFile; fileRef = B5DA60D72AE16294004B7F0E /* MountListCell.xib */; };
		CA0945EF2B4C535B00545C54 /* TokenPriceView.xib in Resources */ = {isa = PBXBuildFile; fileRef = CA0945EE2B4C535B00545C54 /* TokenPriceView.xib */; };
/* End PBXBuildFile section */

/* Begin PBXContainerItemProxy section */
		6A7091472E09757B006C568C /* PBXContainerItemProxy */ = {
			isa = PBXContainerItemProxy;
			containerPortal = B552ED2C2ADD7A22003810AF /* Project object */;
			proxyType = 1;
			remoteGlobalIDString = 6A7091392E09757A006C568C;
			remoteInfo = WoWInventory;
		};
		6A7091512E09757B006C568C /* PBXContainerItemProxy */ = {
			isa = PBXContainerItemProxy;
			containerPortal = B552ED2C2ADD7A22003810AF /* Project object */;
			proxyType = 1;
			remoteGlobalIDString = 6A7091392E09757A006C568C;
			remoteInfo = WoWInventory;
		};
/* End PBXContainerItemProxy section */

/* Begin PBXFileReference section */
		6A05FA563034760600C51D57 /* WICredentials.plist */ = {isa = PBXFileReference; lastKnownFileType = text.plist; path = WICredentials.plist; sourceTree = "<group>"; };
		B540B6922AE668A700319774 /* Localizable.xcstrings */ = {isa = PBXFileReference; lastKnownFileType = text.json.xcstrings; path = Localizable.xcstrings; sourceTree = "<group>"; };
		B552ED6F2ADD7D95003810AF /* Assets.xcassets */ = {isa = PBXFileReference; lastKnownFileType = folder.assetcatalog; path = Assets.xcassets; sourceTree = "<group>"; };
		B552ED712ADD7D95003810AF /* Morpheus.ttf */ = {isa = PBXFileReference; lastKnownFileType = file; path = Morpheus.ttf; sourceTree = "<group>"; };
		B552ED722ADD7D95003810AF /* LifeCraft.ttf */ = {isa = PBXFileReference; lastKnownFileType = file; path = LifeCraft.ttf; sourceTree = "<group>"; };
		B552EDAD2ADD7E80003810AF /* Toy.json */ = {isa = PBXFileReference; fileEncoding = 4; lastKnownFileType = text.json; path = Toy.json; sourceTree = "<group>"; };
		B552EDAE2ADD7E80003810AF /* Mount.json */ = {isa = PBXFileReference; fileEncoding = 4; lastKnownFileType = text.json; path = Mount.json; sourceTree = "<group>"; };
		B552EDAF2ADD7E80003810AF /* Mounts.json */ = {isa = PBXFileReference; fileEncoding = 4; lastKnownFileType = text.json; path = Mounts.json; sourceTree = "<group>"; };
		B552EDB02ADD7E80003810AF /* Pet.json */ = {isa = PBXFileReference; fileEncoding = 4; lastKnownFileType = text.json; path = Pet.json; sourceTree = "<group>"; };
		B55AFE2E2ADE6CF90050BBF5 /* Mount.storyboard */ = {isa = PBXFileReference; lastKnownFileType = file.storyboard; path = Mount.storyboard; sourceTree = "<group>"; };
		B55AFE3C2ADE74310050BBF5 /* Home.storyboard */ = {isa = PBXFileReference; lastKnownFileType = file.storyboard; path = Home.storyboard; sourceTree = "<group>"; };
		B55AFE432ADE856F0050BBF5 /* Main.storyboard */ = {isa = PBXFileReference; lastKnownFileType = file.storyboard; path = Main.storyboard; sourceTree = "<group>"; };
		B55AFE452ADE85870050BBF5 /* LaunchScreen.storyboard */ = {isa = PBXFileReference; lastKnownFileType = file.storyboard; path = LaunchScreen.storyboard; sourceTree = "<group>"; };
		B56EEE882AE13477008AF5F6 /* HomeCell.xib */ = {isa = PBXFileReference; lastKnownFileType = file.xib; path = HomeCell.xib; sourceTree = "<group>"; };
		B5DA60D72AE16294004B7F0E /* MountListCell.xib */ = {isa = PBXFileReference; lastKnownFileType = file.xib; path = MountListCell.xib; sourceTree = "<group>"; };
		CA0945EE2B4C535B00545C54 /* TokenPriceView.xib */ = {isa = PBXFileReference; lastKnownFileType = file.xib; path = TokenPriceView.xib; sourceTree = "<group>"; };
/* End PBXFileReference section */

/* Begin PBXFileSystemSynchronizedRootGroup section */
		6A70913B2E09757A006C568C /* WoWInventory */ = {isa = PBXFileSystemSynchronizedRootGroup; explicitFileTypes = {}; explicitFolders = (); path = WoWInventory; sourceTree = "<group>"; };
		6A7091492E09757B006C568C /* WoWInventoryTests */ = {isa = PBXFileSystemSynchronizedRootGroup; explicitFileTypes = {}; explicitFolders = (); path = WoWInventoryTests; sourceTree = "<group>"; };
		6A7091532E09757B006C568C /* WoWInventoryUITests */ = {isa = PBXFileSystemSynchronizedRootGroup; explicitFileTypes = {}; explicitFolders = (); path = WoWInventoryUITests; sourceTree = "<group>"; };
/* End PBXFileSystemSynchronizedRootGroup section */

/* Begin PBXFrameworksBuildPhase section */
		6A7091432E09757B006C568C /* Frameworks */ = {
			isa = PBXFrameworksBuildPhase;
			buildActionMask = 2147483647;
			files = (
			);
			runOnlyForDeploymentPostprocessing = 0;
		};
		6A70914D2E09757B006C568C /* Frameworks */ = {
			isa = PBXFrameworksBuildPhase;
			buildActionMask = 2147483647;
			files = (
			);
			runOnlyForDeploymentPostprocessing = 0;
		};
/* End PBXFrameworksBuildPhase section */

/* Begin PBXGroup section */
		17D23178D0150BB85D580F27 /* Pods */ = {
			isa = PBXGroup;
			children = (
			);
			path = Pods;
			sourceTree = "<group>";
		};
		6A05FB663034817A00C51D57 /* Recovered References */ = {
			isa = PBXGroup;
			children = (
				B55AFE452ADE85870050BBF5 /* LaunchScreen.storyboard */,
				B55AFE2E2ADE6CF90050BBF5 /* Mount.storyboard */,
				CA0945EE2B4C535B00545C54 /* TokenPriceView.xib */,
				B552EDAD2ADD7E80003810AF /* Toy.json */,
				6A05FA563034760600C51D57 /* WICredentials.plist */,
				B55AFE3C2ADE74310050BBF5 /* Home.storyboard */,
				B552ED6F2ADD7D95003810AF /* Assets.xcassets */,
				B5DA60D72AE16294004B7F0E /* MountListCell.xib */,
				B552EDB02ADD7E80003810AF /* Pet.json */,
				B56EEE882AE13477008AF5F6 /* HomeCell.xib */,
				B540B6922AE668A700319774 /* Localizable.xcstrings */,
				B55AFE432ADE856F0050BBF5 /* Main.storyboard */,
				B552ED712ADD7D95003810AF /* Morpheus.ttf */,
				B552EDAF2ADD7E80003810AF /* Mounts.json */,
				B552EDAE2ADD7E80003810AF /* Mount.json */,
				B552ED722ADD7D95003810AF /* LifeCraft.ttf */,
			);
			name = "Recovered References";
			sourceTree = "<group>";
		};
		B552ED2B2ADD7A22003810AF = {
			isa = PBXGroup;
			children = (
				6A70913B2E09757A006C568C /* WoWInventory */,
				6A7091492E09757B006C568C /* WoWInventoryTests */,
				6A7091532E09757B006C568C /* WoWInventoryUITests */,
				B552ED352ADD7A22003810AF /* Products */,
				17D23178D0150BB85D580F27 /* Pods */,
				6A05FB663034817A00C51D57 /* Recovered References */,
			);
			sourceTree = "<group>";
		};
		B552ED352ADD7A22003810AF /* Products */ = {
			isa = PBXGroup;
			children = (
			);
			name = Products;
			sourceTree = "<group>";
		};
/* End PBXGroup section */

/* Begin PBXNativeTarget section */
		6A7091392E09757A006C568C /* WoWInventory */ = {
			isa = PBXNativeTarget;
			buildConfigurationList = 6A7091582E09757B006C568C /* Build configuration list for PBXNativeTarget "WoWInventory" */;
			buildPhases = (
				B593FD802AF0F37B00B387DD /* Swiftlint */,
				B552ED322ADD7A22003810AF /* Resources */,
			);
			buildRules = (
			);
			dependencies = (
			);
			fileSystemSynchronizedGroups = (
				6A70913B2E09757A006C568C /* WoWInventory */,
			);
			name = WoWInventory;
			packageProductDependencies = (
			);
			productName = WoWInventory;
			productType = "com.apple.product-type.application";
		};
		6A7091452E09757B006C568C /* WoWInventoryTests */ = {
			isa = PBXNativeTarget;
			buildConfigurationList = 6A70915B2E09757B006C568C /* Build configuration list for PBXNativeTarget "WoWInventoryTests" */;
			buildPhases = (
				6A7091422E09757B006C568C /* Sources */,
				6A7091432E09757B006C568C /* Frameworks */,
				6A7091442E09757B006C568C /* Resources */,
			);
			buildRules = (
			);
			dependencies = (
				6A7091482E09757B006C568C /* PBXTargetDependency */,
			);
			fileSystemSynchronizedGroups = (
				6A7091492E09757B006C568C /* WoWInventoryTests */,
			);
			name = WoWInventoryTests;
			packageProductDependencies = (
			);
			productName = WoWInventoryTests;
			productType = "com.apple.product-type.bundle.unit-test";
		};
		6A70914F2E09757B006C568C /* WoWInventoryUITests */ = {
			isa = PBXNativeTarget;
			buildConfigurationList = 6A70915E2E09757B006C568C /* Build configuration list for PBXNativeTarget "WoWInventoryUITests" */;
			buildPhases = (
				6A70914C2E09757B006C568C /* Sources */,
				6A70914D2E09757B006C568C /* Frameworks */,
				6A70914E2E09757B006C568C /* Resources */,
			);
			buildRules = (
			);
			dependencies = (
				6A7091522E09757B006C568C /* PBXTargetDependency */,
			);
			fileSystemSynchronizedGroups = (
				6A7091532E09757B006C568C /* WoWInventoryUITests */,
			);
			name = WoWInventoryUITests;
			packageProductDependencies = (
			);
			productName = WoWInventoryUITests;
			productType = "com.apple.product-type.bundle.ui-testing";
		};
/* End PBXNativeTarget section */

/* Begin PBXProject section */
		B552ED2C2ADD7A22003810AF /* Project object */ = {
			isa = PBXProject;
			attributes = {
				BuildIndependentTargetsInParallel = 1;
				LastSwiftUpdateCheck = 1640;
				LastUpgradeCheck = 1500;
				TargetAttributes = {
					6A7091392E09757A006C568C = {
						CreatedOnToolsVersion = 16.4;
					};
					6A7091452E09757B006C568C = {
						CreatedOnToolsVersion = 16.4;
						TestTargetID = 6A7091392E09757A006C568C;
					};
					6A70914F2E09757B006C568C = {
						CreatedOnToolsVersion = 16.4;
						TestTargetID = 6A7091392E09757A006C568C;
					};
				};
			};
			buildConfigurationList = B552ED2F2ADD7A22003810AF /* Build configuration list for PBXProject "WoW-Inventory" */;
			compatibilityVersion = "Xcode 14.0";
			developmentRegion = fr;
			hasScannedForEncodings = 0;
			knownRegions = (
				Base,
				fr,
				en,
			);
			mainGroup = B552ED2B2ADD7A22003810AF;
			packageReferences = (
				6A3A44E4303474E500A6A7A9 /* XCRemoteSwiftPackageReference "Alamofire" */,
				6A3A44E9303474F000A6A7A9 /* XCRemoteSwiftPackageReference "AlamofireImage" */,
			);
			productRefGroup = B552ED352ADD7A22003810AF /* Products */;
			projectDirPath = "";
			projectRoot = "";
			targets = (
				6A7091392E09757A006C568C /* WoWInventory */,
				6A7091452E09757B006C568C /* WoWInventoryTests */,
				6A70914F2E09757B006C568C /* WoWInventoryUITests */,
			);
		};
/* End PBXProject section */

/* Begin PBXResourcesBuildPhase section */
		6A7091442E09757B006C568C /* Resources */ = {
			isa = PBXResourcesBuildPhase;
			buildActionMask = 2147483647;
			files = (
			);
			runOnlyForDeploymentPostprocessing = 0;
		};
		6A70914E2E09757B006C568C /* Resources */ = {
			isa = PBXResourcesBuildPhase;
			buildActionMask = 2147483647;
			files = (
			);
			runOnlyForDeploymentPostprocessing = 0;
		};
		B552ED322ADD7A22003810AF /* Resources */ = {
			isa = PBXResourcesBuildPhase;
			buildActionMask = 2147483647;
			files = (
				B55AFE442ADE85870050BBF5 /* LaunchScreen.storyboard in Resources */,
				B55AFE2F2ADE6CF90050BBF5 /* Mount.storyboard in Resources */,
				CA0945EF2B4C535B00545C54 /* TokenPriceView.xib in Resources */,
				B552EDDA2ADD7E80003810AF /* Toy.json in Resources */,
				6A05FA573034761200C51D57 /* WICredentials.plist in Resources */,
				B55AFE3D2ADE74310050BBF5 /* Home.storyboard in Resources */,
				B552ED732ADD7D95003810AF /* Assets.xcassets in Resources */,
				B5DA60D92AE16294004B7F0E /* MountListCell.xib in Resources */,
				B552EDDD2ADD7E80003810AF /* Pet.json in Resources */,
				B56EEE8A2AE13477008AF5F6 /* HomeCell.xib in Resources */,
				B540B6932AE668A700319774 /* Localizable.xcstrings in Resources */,
				B55AFE422ADE856F0050BBF5 /* Main.storyboard in Resources */,
				6A05FADF3034804D00C51D57 /* WICredentials.plist in Resources */,
				B552ED742ADD7D95003810AF /* Morpheus.ttf in Resources */,
				B552EDDC2ADD7E80003810AF /* Mounts.json in Resources */,
				B552EDDB2ADD7E80003810AF /* Mount.json in Resources */,
				B552ED752ADD7D95003810AF /* LifeCraft.ttf in Resources */,
			);
			runOnlyForDeploymentPostprocessing = 0;
		};
/* End PBXResourcesBuildPhase section */

/* Begin PBXShellScriptBuildPhase section */
		B593FD802AF0F37B00B387DD /* Swiftlint */ = {
			isa = PBXShellScriptBuildPhase;
			alwaysOutOfDate = 1;
			buildActionMask = 12;
			files = (
			);
			inputFileListPaths = (
			);
			inputPaths = (
			);
			name = Swiftlint;
			outputFileListPaths = (
			);
			outputPaths = (
			);
			runOnlyForDeploymentPostprocessing = 0;
			shellPath = /bin/sh;
			shellScript = "if which swiftlint >/dev/null; then\n    swiftlint\nelse\n    echo \"warning: SwiftLint not installed, download from https://github.com/realm/SwiftLint\"\nfi\n";
		};
/* End PBXShellScriptBuildPhase section */

/* Begin PBXSourcesBuildPhase section */
		6A7091422E09757B006C568C /* Sources */ = {
			isa = PBXSourcesBuildPhase;
			buildActionMask = 2147483647;
			files = (
			);
			runOnlyForDeploymentPostprocessing = 0;
		};
		6A70914C2E09757B006C568C /* Sources */ = {
			isa = PBXSourcesBuildPhase;
			buildActionMask = 2147483647;
			files = (
			);
			runOnlyForDeploymentPostprocessing = 0;
		};
/* End PBXSourcesBuildPhase section */

/* Begin PBXTargetDependency section */
		6A7091482E09757B006C568C /* PBXTargetDependency */ = {
			isa = PBXTargetDependency;
			target = 6A7091392E09757A006C568C /* WoWInventory */;
			targetProxy = 6A7091472E09757B006C568C /* PBXContainerItemProxy */;
		};
		6A7091522E09757B006C568C /* PBXTargetDependency */ = {
			isa = PBXTargetDependency;
			target = 6A7091392E09757A006C568C /* WoWInventory */;
			targetProxy = 6A7091512E09757B006C568C /* PBXContainerItemProxy */;
		};
/* End PBXTargetDependency section */

/* Begin XCBuildConfiguration section */
		6A7091592E09757B006C568C /* Debug */ = {
			isa = XCBuildConfiguration;
			buildSettings = {
				ASSETCATALOG_COMPILER_APPICON_NAME = AppIcon;
				ASSETCATALOG_COMPILER_GLOBAL_ACCENT_COLOR_NAME = AccentColor;
				CODE_SIGN_STYLE = Automatic;
				CURRENT_PROJECT_VERSION = 1;
				DEVELOPMENT_TEAM = 95Q5YEGF4A;
				ENABLE_PREVIEWS = YES;
				ENABLE_USER_SCRIPT_SANDBOXING = YES;
				GENERATE_INFOPLIST_FILE = YES;
				INFOPLIST_KEY_UIApplicationSceneManifest_Generation = YES;
				INFOPLIST_KEY_UIApplicationSupportsIndirectInputEvents = YES;
				INFOPLIST_KEY_UILaunchScreen_Generation = YES;
				INFOPLIST_KEY_UISupportedInterfaceOrientations_iPad = "UIInterfaceOrientationPortrait UIInterfaceOrientationPortraitUpsideDown UIInterfaceOrientationLandscapeLeft UIInterfaceOrientationLandscapeRight";
				INFOPLIST_KEY_UISupportedInterfaceOrientations_iPhone = "UIInterfaceOrientationPortrait UIInterfaceOrientationLandscapeLeft UIInterfaceOrientationLandscapeRight";
				IPHONEOS_DEPLOYMENT_TARGET = 18.5;
				LD_RUNPATH_SEARCH_PATHS = (
					"$(inherited)",
					"@executable_path/Frameworks",
				);
				MARKETING_VERSION = 1.0;
				PRODUCT_BUNDLE_IDENTIFIER = pattest.WoWInventory;
				PRODUCT_NAME = "$(TARGET_NAME)";
				SWIFT_EMIT_LOC_STRINGS = YES;
				SWIFT_VERSION = 6.0;
				TARGETED_DEVICE_FAMILY = "1,2";
			};
			name = Debug;
		};
		6A70915A2E09757B006C568C /* Release */ = {
			isa = XCBuildConfiguration;
			buildSettings = {
				ASSETCATALOG_COMPILER_APPICON_NAME = AppIcon;
				ASSETCATALOG_COMPILER_GLOBAL_ACCENT_COLOR_NAME = AccentColor;
				CODE_SIGN_STYLE = Automatic;
				CURRENT_PROJECT_VERSION = 1;
				DEVELOPMENT_TEAM = 95Q5YEGF4A;
				ENABLE_PREVIEWS = YES;
				ENABLE_USER_SCRIPT_SANDBOXING = YES;
				GENERATE_INFOPLIST_FILE = YES;
				INFOPLIST_KEY_UIApplicationSceneManifest_Generation = YES;
				INFOPLIST_KEY_UIApplicationSupportsIndirectInputEvents = YES;
				INFOPLIST_KEY_UILaunchScreen_Generation = YES;
				INFOPLIST_KEY_UISupportedInterfaceOrientations_iPad = "UIInterfaceOrientationPortrait UIInterfaceOrientationPortraitUpsideDown UIInterfaceOrientationLandscapeLeft UIInterfaceOrientationLandscapeRight";
				INFOPLIST_KEY_UISupportedInterfaceOrientations_iPhone = "UIInterfaceOrientationPortrait UIInterfaceOrientationLandscapeLeft UIInterfaceOrientationLandscapeRight";
				IPHONEOS_DEPLOYMENT_TARGET = 18.5;
				LD_RUNPATH_SEARCH_PATHS = (
					"$(inherited)",
					"@executable_path/Frameworks",
				);
				MARKETING_VERSION = 1.0;
				PRODUCT_BUNDLE_IDENTIFIER = pattest.WoWInventory;
				PRODUCT_NAME = "$(TARGET_NAME)";
				SWIFT_EMIT_LOC_STRINGS = YES;
				SWIFT_VERSION = 6.0;
				TARGETED_DEVICE_FAMILY = "1,2";
			};
			name = Release;
		};
		6A70915C2E09757B006C568C /* Debug */ = {
			isa = XCBuildConfiguration;
			buildSettings = {
				BUNDLE_LOADER = "$(TEST_HOST)";
				CODE_SIGN_STYLE = Automatic;
				CURRENT_PROJECT_VERSION = 1;
				DEVELOPMENT_TEAM = 95Q5YEGF4A;
				ENABLE_USER_SCRIPT_SANDBOXING = YES;
				GENERATE_INFOPLIST_FILE = YES;
				IPHONEOS_DEPLOYMENT_TARGET = 18.5;
				MARKETING_VERSION = 1.0;
				PRODUCT_BUNDLE_IDENTIFIER = pattest.WoWInventoryTests;
				PRODUCT_NAME = "$(TARGET_NAME)";
				SWIFT_EMIT_LOC_STRINGS = NO;
				SWIFT_VERSION = 5.0;
				TARGETED_DEVICE_FAMILY = "1,2";
				TEST_HOST = "$(BUILT_PRODUCTS_DIR)/WoWInventory.app/$(BUNDLE_EXECUTABLE_FOLDER_PATH)/WoWInventory";
			};
			name = Debug;
		};
		6A70915D2E09757B006C568C /* Release */ = {
			isa = XCBuildConfiguration;
			buildSettings = {
				BUNDLE_LOADER = "$(TEST_HOST)";
				CODE_SIGN_STYLE = Automatic;
				CURRENT_PROJECT_VERSION = 1;
				DEVELOPMENT_TEAM = 95Q5YEGF4A;
				ENABLE_USER_SCRIPT_SANDBOXING = YES;
				GENERATE_INFOPLIST_FILE = YES;
				IPHONEOS_DEPLOYMENT_TARGET = 18.5;
				MARKETING_VERSION = 1.0;
				PRODUCT_BUNDLE_IDENTIFIER = pattest.WoWInventoryTests;
				PRODUCT_NAME = "$(TARGET_NAME)";
				SWIFT_EMIT_LOC_STRINGS = NO;
				SWIFT_VERSION = 5.0;
				TARGETED_DEVICE_FAMILY = "1,2";
				TEST_HOST = "$(BUILT_PRODUCTS_DIR)/WoWInventory.app/$(BUNDLE_EXECUTABLE_FOLDER_PATH)/WoWInventory";
			};
			name = Release;
		};
		6A70915F2E09757B006C568C /* Debug */ = {
			isa = XCBuildConfiguration;
			buildSettings = {
				CODE_SIGN_STYLE = Automatic;
				CURRENT_PROJECT_VERSION = 1;
				DEVELOPMENT_TEAM = 95Q5YEGF4A;
				ENABLE_USER_SCRIPT_SANDBOXING = YES;
				GENERATE_INFOPLIST_FILE = YES;
				IPHONEOS_DEPLOYMENT_TARGET = 18.5;
				MARKETING_VERSION = 1.0;
				PRODUCT_BUNDLE_IDENTIFIER = pattest.WoWInventoryUITests;
				PRODUCT_NAME = "$(TARGET_NAME)";
				SWIFT_EMIT_LOC_STRINGS = NO;
				SWIFT_VERSION = 5.0;
				TARGETED_DEVICE_FAMILY = "1,2";
				TEST_TARGET_NAME = WoWInventory;
			};
			name = Debug;
		};
		6A7091602E09757B006C568C /* Release */ = {
			isa = XCBuildConfiguration;
			buildSettings = {
				CODE_SIGN_STYLE = Automatic;
				CURRENT_PROJECT_VERSION = 1;
				DEVELOPMENT_TEAM = 95Q5YEGF4A;
				ENABLE_USER_SCRIPT_SANDBOXING = YES;
				GENERATE_INFOPLIST_FILE = YES;
				IPHONEOS_DEPLOYMENT_TARGET = 18.5;
				MARKETING_VERSION = 1.0;
				PRODUCT_BUNDLE_IDENTIFIER = pattest.WoWInventoryUITests;
				PRODUCT_NAME = "$(TARGET_NAME)";
				SWIFT_EMIT_LOC_STRINGS = NO;
				SWIFT_VERSION = 5.0;
				TARGETED_DEVICE_FAMILY = "1,2";
				TEST_TARGET_NAME = WoWInventory;
			};
			name = Release;
		};
		B552ED5C2ADD7A24003810AF /* Debug */ = {
			isa = XCBuildConfiguration;
			buildSettings = {
				ALWAYS_SEARCH_USER_PATHS = NO;
				ASSETCATALOG_COMPILER_GENERATE_SWIFT_ASSET_SYMBOL_EXTENSIONS = YES;
				CLANG_ANALYZER_LOCALIZABILITY_NONLOCALIZED = YES;
				CLANG_ANALYZER_NONNULL = YES;
				CLANG_ANALYZER_NUMBER_OBJECT_CONVERSION = YES_AGGRESSIVE;
				CLANG_CXX_LANGUAGE_STANDARD = "gnu++20";
				CLANG_ENABLE_MODULES = YES;
				CLANG_ENABLE_OBJC_ARC = YES;
				CLANG_ENABLE_OBJC_WEAK = YES;
				CLANG_WARN_BLOCK_CAPTURE_AUTORELEASING = YES;
				CLANG_WARN_BOOL_CONVERSION = YES;
				CLANG_WARN_COMMA = YES;
				CLANG_WARN_CONSTANT_CONVERSION = YES;
				CLANG_WARN_DEPRECATED_OBJC_IMPLEMENTATIONS = YES;
				CLANG_WARN_DIRECT_OBJC_ISA_USAGE = YES_ERROR;
				CLANG_WARN_DOCUMENTATION_COMMENTS = YES;
				CLANG_WARN_EMPTY_BODY = YES;
				CLANG_WARN_ENUM_CONVERSION = YES;
				CLANG_WARN_INFINITE_RECURSION = YES;
				CLANG_WARN_INT_CONVERSION = YES;
				CLANG_WARN_NON_LITERAL_NULL_CONVERSION = YES;
				CLANG_WARN_OBJC_IMPLICIT_RETAIN_SELF = YES;
				CLANG_WARN_OBJC_LITERAL_CONVERSION = YES;
				CLANG_WARN_OBJC_ROOT_CLASS = YES_ERROR;
				CLANG_WARN_QUOTED_INCLUDE_IN_FRAMEWORK_HEADER = YES;
				CLANG_WARN_RANGE_LOOP_ANALYSIS = YES;
				CLANG_WARN_STRICT_PROTOTYPES = YES;
				CLANG_WARN_SUSPICIOUS_MOVE = YES;
				CLANG_WARN_UNGUARDED_AVAILABILITY = YES_AGGRESSIVE;
				CLANG_WARN_UNREACHABLE_CODE = YES;
				CLANG_WARN__DUPLICATE_METHOD_MATCH = YES;
				COPY_PHASE_STRIP = NO;
				DEBUG_INFORMATION_FORMAT = dwarf;
				ENABLE_STRICT_OBJC_MSGSEND = YES;
				ENABLE_TESTABILITY = YES;
				ENABLE_USER_SCRIPT_SANDBOXING = NO;
				GCC_C_LANGUAGE_STANDARD = gnu17;
				GCC_DYNAMIC_NO_PIC = NO;
				GCC_NO_COMMON_BLOCKS = YES;
				GCC_OPTIMIZATION_LEVEL = 0;
				GCC_PREPROCESSOR_DEFINITIONS = (
					"DEBUG=1",
					"$(inherited)",
				);
				GCC_WARN_64_TO_32_BIT_CONVERSION = YES;
				GCC_WARN_ABOUT_RETURN_TYPE = YES_ERROR;
				GCC_WARN_UNDECLARED_SELECTOR = YES;
				GCC_WARN_UNINITIALIZED_AUTOS = YES_AGGRESSIVE;
				GCC_WARN_UNUSED_FUNCTION = YES;
				GCC_WARN_UNUSED_VARIABLE = YES;
				IPHONEOS_DEPLOYMENT_TARGET = 17.0;
				LOCALIZATION_PREFERS_STRING_CATALOGS = YES;
				MTL_ENABLE_DEBUG_INFO = INCLUDE_SOURCE;
				MTL_FAST_MATH = YES;
				ONLY_ACTIVE_ARCH = YES;
				SDKROOT = iphoneos;
				SWIFT_ACTIVE_COMPILATION_CONDITIONS = "DEBUG $(inherited)";
				SWIFT_OPTIMIZATION_LEVEL = "-Onone";
			};
			name = Debug;
		};
		B552ED5D2ADD7A24003810AF /* Release */ = {
			isa = XCBuildConfiguration;
			buildSettings = {
				ALWAYS_SEARCH_USER_PATHS = NO;
				ASSETCATALOG_COMPILER_GENERATE_SWIFT_ASSET_SYMBOL_EXTENSIONS = YES;
				CLANG_ANALYZER_LOCALIZABILITY_NONLOCALIZED = YES;
				CLANG_ANALYZER_NONNULL = YES;
				CLANG_ANALYZER_NUMBER_OBJECT_CONVERSION = YES_AGGRESSIVE;
				CLANG_CXX_LANGUAGE_STANDARD = "gnu++20";
				CLANG_ENABLE_MODULES = YES;
				CLANG_ENABLE_OBJC_ARC = YES;
				CLANG_ENABLE_OBJC_WEAK = YES;
				CLANG_WARN_BLOCK_CAPTURE_AUTORELEASING = YES;
				CLANG_WARN_BOOL_CONVERSION = YES;
				CLANG_WARN_COMMA = YES;
				CLANG_WARN_CONSTANT_CONVERSION = YES;
				CLANG_WARN_DEPRECATED_OBJC_IMPLEMENTATIONS = YES;
				CLANG_WARN_DIRECT_OBJC_ISA_USAGE = YES_ERROR;
				CLANG_WARN_DOCUMENTATION_COMMENTS = YES;
				CLANG_WARN_EMPTY_BODY = YES;
				CLANG_WARN_ENUM_CONVERSION = YES;
				CLANG_WARN_INFINITE_RECURSION = YES;
				CLANG_WARN_INT_CONVERSION = YES;
				CLANG_WARN_NON_LITERAL_NULL_CONVERSION = YES;
				CLANG_WARN_OBJC_IMPLICIT_RETAIN_SELF = YES;
				CLANG_WARN_OBJC_LITERAL_CONVERSION = YES;
				CLANG_WARN_OBJC_ROOT_CLASS = YES_ERROR;
				CLANG_WARN_QUOTED_INCLUDE_IN_FRAMEWORK_HEADER = YES;
				CLANG_WARN_RANGE_LOOP_ANALYSIS = YES;
				CLANG_WARN_STRICT_PROTOTYPES = YES;
				CLANG_WARN_SUSPICIOUS_MOVE = YES;
				CLANG_WARN_UNGUARDED_AVAILABILITY = YES_AGGRESSIVE;
				CLANG_WARN_UNREACHABLE_CODE = YES;
				CLANG_WARN__DUPLICATE_METHOD_MATCH = YES;
				COPY_PHASE_STRIP = NO;
				DEBUG_INFORMATION_FORMAT = "dwarf-with-dsym";
				ENABLE_NS_ASSERTIONS = NO;
				ENABLE_STRICT_OBJC_MSGSEND = YES;
				ENABLE_USER_SCRIPT_SANDBOXING = NO;
				GCC_C_LANGUAGE_STANDARD = gnu17;
				GCC_NO_COMMON_BLOCKS = YES;
				GCC_WARN_64_TO_32_BIT_CONVERSION = YES;
				GCC_WARN_ABOUT_RETURN_TYPE = YES_ERROR;
				GCC_WARN_UNDECLARED_SELECTOR = YES;
				GCC_WARN_UNINITIALIZED_AUTOS = YES_AGGRESSIVE;
				GCC_WARN_UNUSED_FUNCTION = YES;
				GCC_WARN_UNUSED_VARIABLE = YES;
				IPHONEOS_DEPLOYMENT_TARGET = 17.0;
				LOCALIZATION_PREFERS_STRING_CATALOGS = YES;
				MTL_ENABLE_DEBUG_INFO = NO;
				MTL_FAST_MATH = YES;
				SDKROOT = iphoneos;
				SWIFT_COMPILATION_MODE = wholemodule;
				VALIDATE_PRODUCT = YES;
			};
			name = Release;
		};
/* End XCBuildConfiguration section */

/* Begin XCConfigurationList section */
		6A7091582E09757B006C568C /* Build configuration list for PBXNativeTarget "WoWInventory" */ = {
			isa = XCConfigurationList;
			buildConfigurations = (
				6A7091592E09757B006C568C /* Debug */,
				6A70915A2E09757B006C568C /* Release */,
			);
			defaultConfigurationIsVisible = 0;
			defaultConfigurationName = Release;
		};
		6A70915B2E09757B006C568C /* Build configuration list for PBXNativeTarget "WoWInventoryTests" */ = {
			isa = XCConfigurationList;
			buildConfigurations = (
				6A70915C2E09757B006C568C /* Debug */,
				6A70915D2E09757B006C568C /* Release */,
			);
			defaultConfigurationIsVisible = 0;
			defaultConfigurationName = Release;
		};
		6A70915E2E09757B006C568C /* Build configuration list for PBXNativeTarget "WoWInventoryUITests" */ = {
			isa = XCConfigurationList;
			buildConfigurations = (
				6A70915F2E09757B006C568C /* Debug */,
				6A7091602E09757B006C568C /* Release */,
			);
			defaultConfigurationIsVisible = 0;
			defaultConfigurationName = Release;
		};
		B552ED2F2ADD7A22003810AF /* Build configuration list for PBXProject "WoW-Inventory" */ = {
			isa = XCConfigurationList;
			buildConfigurations = (
				B552ED5C2ADD7A24003810AF /* Debug */,
				B552ED5D2ADD7A24003810AF /* Release */,
			);
			defaultConfigurationIsVisible = 0;
			defaultConfigurationName = Release;
		};
/* End XCConfigurationList section */

/* Begin XCRemoteSwiftPackageReference section */
		6A3A44E4303474E500A6A7A9 /* XCRemoteSwiftPackageReference "Alamofire" */ = {
			isa = XCRemoteSwiftPackageReference;
			repositoryURL = "https://github.com/Alamofire/Alamofire.git";
			requirement = {
				kind = upToNextMajorVersion;
				minimumVersion = 5.12.0;
			};
		};
		6A3A44E9303474F000A6A7A9 /* XCRemoteSwiftPackageReference "AlamofireImage" */ = {
			isa = XCRemoteSwiftPackageReference;
			repositoryURL = "https://github.com/Alamofire/AlamofireImage";
			requirement = {
				kind = upToNextMajorVersion;
				minimumVersion = 4.4.0;
			};
		};
/* End XCRemoteSwiftPackageReference section */
	};
	rootObject = B552ED2C2ADD7A22003810AF /* Project object */;
}
